
Microsoft Visual Studio Solution File, Format Version 12.00
# Visual Studio Version 16
VisualStudioVersion = 16.0.29920.165
MinimumVisualStudioVersion = 10.0.40219.1
Project("{FAE04EC0-301F-11D3-BF4B-00C04F79EFBC}") = "WebApp", "WebApp\WebApp.csproj", "{EB55DD7D-3F06-4F73-8C7E-64F84E1F4CB2}"
EndProject
Project("{FAE04EC0-301F-11D3-BF4B-00C04F79EFBC}") = "Api.Test", "Api.Test\Api.Test.csproj", "{0F69A37A-1703-45CD-ACD1-6E8855446BCA}"
EndProject
Global
	GlobalSection(SolutionConfigurationPlatforms) = preSolution
		Debug|Any CPU = Debug|Any CPU
		Release|Any CPU = Release|Any CPU
	EndGlobalSection
	GlobalSection(ProjectConfigurationPlatforms) = postSolution
		{EB55DD7D-3F06-4F73-8C7E-64F84E1F4CB2}.Debug|Any CPU.ActiveCfg = Debug|Any CPU
		{EB55DD7D-3F06-4F73-8C7E-64F84E1F4CB2}.Debug|Any CPU.Build.0 = Debug|Any CPU
		{EB55DD7D-3F06-4F73-8C7E-64F84E1F4CB2}.Release|Any CPU.ActiveCfg = Release|Any CPU
		{EB55DD7D-3F06-4F73-8C7E-64F84E1F4CB2}.Release|Any CPU.Build.0 = Release|Any CPU
		{0F69A37A-1703-45CD-ACD1-6E8855446BCA}.Debug|Any CPU.ActiveCfg = Debug|Any CPU
		{0F69A37A-1703-45CD-ACD1-6E8855446BCA}.Debug|Any CPU.Build.0 = Debug|Any CPU
		{0F69A37A-1703-45CD-ACD1-6E8855446BCA}.Release|Any CPU.ActiveCfg = Release|Any CPU
		{0F69A37A-1703-45CD-ACD1-6E8855446BCA}.Release|Any CPU.Build.0 = Release|Any CPU
	EndGlobalSection
	GlobalSection(SolutionProperties) = preSolution
		HideSolutionNode = FALSE
	EndGlobalSection
	GlobalSection(ExtensibilityGlobals) = postSolution
		SolutionGuid = {1937D682-E7EF-4223-B383-96BCC2E1C040}
	EndGlobalSection
EndGlobal
